{
  "name": "@sagargupta16/claude-rate",
  "version": "0.1.0",
  "lockfileVersion": 3,
  "requires": true,
  "packages": {
    "": {
      "name": "@sagargupta16/claude-rate",
      "version": "0.1.0",
      "license": "MIT",
      "bin": {
        "claude-rate": "bin/claude-rate.js"
      },
      "engines": {
        "node": ">=16"
      }
    }
  }
}
